
Microsoft Visual Studio Solution File, Format Version 12.00
# Visual Studio Version 16
VisualStudioVersion = 16.0.29424.173
MinimumVisualStudioVersion = 10.0.40219.1
Project("{FAE04EC0-301F-11D3-BF4B-00C04F79EFBC}") = "2A", "2A.csproj", "{F2847E3F-34F5-41AF-A787-08DA0F27F1ED}"
EndProject
Global
	GlobalSection(SolutionConfigurationPlatforms) = preSolution
		Debug|Any CPU = Debug|Any CPU
		Release|Any CPU = Release|Any CPU
	EndGlobalSection
	GlobalSection(ProjectConfigurationPlatforms) = postSolution
		{F2847E3F-34F5-41AF-A787-08DA0F27F1ED}.Debug|Any CPU.ActiveCfg = Debug|Any CPU
		{F2847E3F-34F5-41AF-A787-08DA0F27F1ED}.Debug|Any CPU.Build.0 = Debug|Any CPU
		{F2847E3F-34F5-41AF-A787-08DA0F27F1ED}.Release|Any CPU.ActiveCfg = Release|Any CPU
		{F2847E3F-34F5-41AF-A787-08DA0F27F1ED}.Release|Any CPU.Build.0 = Release|Any CPU
	EndGlobalSection
	GlobalSection(SolutionProperties) = preSolution
		HideSolutionNode = FALSE
	EndGlobalSection
	GlobalSection(ExtensibilityGlobals) = postSolution
		SolutionGuid = {F15BDDE2-F358-4952-BDE5-AAE2FBA4B1D3}
	EndGlobalSection
EndGlobal
