
Microsoft Visual Studio Solution File, Format Version 12.00
# Visual Studio Version 16
VisualStudioVersion = 16.0.29424.173
MinimumVisualStudioVersion = 10.0.40219.1
Project("{FAE04EC0-301F-11D3-BF4B-00C04F79EFBC}") = "3B", "3B.csproj", "{278B243A-5AFB-4172-AEAB-5761563F093D}"
EndProject
Global
	GlobalSection(SolutionConfigurationPlatforms) = preSolution
		Debug|Any CPU = Debug|Any CPU
		Release|Any CPU = Release|Any CPU
	EndGlobalSection
	GlobalSection(ProjectConfigurationPlatforms) = postSolution
		{278B243A-5AFB-4172-AEAB-5761563F093D}.Debug|Any CPU.ActiveCfg = Debug|Any CPU
		{278B243A-5AFB-4172-AEAB-5761563F093D}.Debug|Any CPU.Build.0 = Debug|Any CPU
		{278B243A-5AFB-4172-AEAB-5761563F093D}.Release|Any CPU.ActiveCfg = Release|Any CPU
		{278B243A-5AFB-4172-AEAB-5761563F093D}.Release|Any CPU.Build.0 = Release|Any CPU
	EndGlobalSection
	GlobalSection(SolutionProperties) = preSolution
		HideSolutionNode = FALSE
	EndGlobalSection
	GlobalSection(ExtensibilityGlobals) = postSolution
		SolutionGuid = {ACA41692-B2F0-46EA-9C26-25DCC39914B0}
	EndGlobalSection
EndGlobal
